{
  "name": "drqtests",
  "version": "1.0.0",
  "lockfileVersion": 2,
  "requires": true,
  "packages": {
    "": {
      "name": "drqtests",
      "version": "1.0.0",
      "license": "ISC",
      "dependencies": {
        "drq": "^5.0.1"
      }
    },
    "node_modules/@bitcoin-api/redis-streams-utils": {
      "version": "2.0.1",
      "resolved": "https://registry.npmjs.org/@bitcoin-api/redis-streams-utils/-/redis-streams-utils-2.0.1.tgz",
      "integrity": "sha512-kGvzXbc8t7/IujT52yQebTzd3fYD8BBnq7cwC4gUBeWQVX1QS9tlWljz3O5uvhKqL0s71AVf7vg/7owEJrLhWA==",
      "dependencies": {
        "do-redis-request": "^1.0.6"
      }
    },
    "node_modules/denque": {
      "version": "1.5.0",
      "resolved": "https://registry.npmjs.org/denque/-/denque-1.5.0.tgz",
      "integrity": "sha512-CYiCSgIF1p6EUByQPlGkKnP1M9g0ZV3qMIrqMqZqdwazygIA/YP2vrbcyl1h/WppKJTdl1F85cXIle+394iDAQ==",
      "engines": {
        "node": ">=0.10"
      }
    },
    "node_modules/do-redis-request": {
      "version": "1.0.6",
      "resolved": "https://registry.npmjs.org/do-redis-request/-/do-redis-request-1.0.6.tgz",
      "integrity": "sha512-QVs2Stu0gcqOalDfmvCmJ3o20NPNO6qDs82IbSEIvOfBOest5TDowQM7zOrGqJ6m/I63nIA9RfsRg9F3GI0rjQ==",
      "funding": [
        {
          "type": "github",
          "url": "https://github.com/sponsors/bitcoin-api"
        },
        {
          "type": "patreon",
          "url": "https://www.patreon.com/bitcoinapi"
        }
      ]
    },
    "node_modules/drq": {
      "version": "5.0.1",
      "resolved": "https://registry.npmjs.org/drq/-/drq-5.0.1.tgz",
      "integrity": "sha512-UrxUZKG6v9dh2RmaQ/ELz3jATFJ3Oc6/qThywY0F31D2pQvKxrHzzDVypD8a+4NRyP/XYHGZEfzoi0fNTmQEXg==",
      "funding": [
        {
          "type": "github",
          "url": "https://github.com/sponsors/bitcoin-api"
        },
        {
          "type": "patreon",
          "url": "https://www.patreon.com/bitcoinapi"
        }
      ],
      "dependencies": {
        "@bitcoin-api/redis-streams-utils": "^2.0.0",
        "do-redis-request": "^1.0.6",
        "get-redis-client": "^1.0.5",
        "uuid": "^8.2.0"
      }
    },
    "node_modules/get-redis-client": {
      "version": "1.0.5",
      "resolved": "https://registry.npmjs.org/get-redis-client/-/get-redis-client-1.0.5.tgz",
      "integrity": "sha512-c+SXaThWX0WnDmvCeQBbgWmmm9VdN6mqJUe9HwA1uVV0OvJXQ3cYGFScUgDIV768Uc01BSheJH7KgJZ+5MyMIw==",
      "funding": [
        {
          "type": "github",
          "url": "https://github.com/sponsors/bitcoin-api"
        },
        {
          "type": "patreon",
          "url": "https://www.patreon.com/bitcoinapi"
        }
      ],
      "dependencies": {
        "redis": "^3.0.2"
      }
    },
    "node_modules/redis": {
      "version": "3.1.0",
      "resolved": "https://registry.npmjs.org/redis/-/redis-3.1.0.tgz",
      "integrity": "sha512-//lAOcEtNIKk2ekZibes5oyWKYUVWMvMB71lyD/hS9KRePNkB7AU3nXGkArX6uDKEb2N23EyJBthAv6pagD0uw==",
      "dependencies": {
        "denque": "^1.5.0",
        "redis-commands": "^1.7.0",
        "redis-errors": "^1.2.0",
        "redis-parser": "^3.0.0"
      },
      "engines": {
        "node": ">=10"
      },
      "funding": {
        "type": "opencollective",
        "url": "https://opencollective.com/node-redis"
      }
    },
    "node_modules/redis-commands": {
      "version": "1.7.0",
      "resolved": "https://registry.npmjs.org/redis-commands/-/redis-commands-1.7.0.tgz",
      "integrity": "sha512-nJWqw3bTFy21hX/CPKHth6sfhZbdiHP6bTawSgQBlKOVRG7EZkfHbbHwQJnrE4vsQf0CMNE+3gJ4Fmm16vdVlQ=="
    },
    "node_modules/redis-errors": {
      "version": "1.2.0",
      "resolved": "https://registry.npmjs.org/redis-errors/-/redis-errors-1.2.0.tgz",
      "integrity": "sha1-62LSrbFeTq9GEMBK/hUpOEJQq60=",
      "engines": {
        "node": ">=4"
      }
    },
    "node_modules/redis-parser": {
      "version": "3.0.0",
      "resolved": "https://registry.npmjs.org/redis-parser/-/redis-parser-3.0.0.tgz",
      "integrity": "sha1-tm2CjNyv5rS4pCin3vTGvKwxyLQ=",
      "dependencies": {
        "redis-errors": "^1.0.0"
      },
      "engines": {
        "node": ">=4"
      }
    },
    "node_modules/uuid": {
      "version": "8.3.2",
      "resolved": "https://registry.npmjs.org/uuid/-/uuid-8.3.2.tgz",
      "integrity": "sha512-+NYs2QeMWy+GWFOEm9xnn6HCDp0l7QBD7ml8zLUmJ+93Q5NF0NocErnwkTkXVFNiX3/fpC6afS8Dhb/gz7R7eg==",
      "bin": {
        "uuid": "dist/bin/uuid"
      }
    }
  },
  "dependencies": {
    "@bitcoin-api/redis-streams-utils": {
      "version": "2.0.1",
      "resolved": "https://registry.npmjs.org/@bitcoin-api/redis-streams-utils/-/redis-streams-utils-2.0.1.tgz",
      "integrity": "sha512-kGvzXbc8t7/IujT52yQebTzd3fYD8BBnq7cwC4gUBeWQVX1QS9tlWljz3O5uvhKqL0s71AVf7vg/7owEJrLhWA==",
      "requires": {
        "do-redis-request": "^1.0.6"
      }
    },
    "denque": {
      "version": "1.5.0",
      "resolved": "https://registry.npmjs.org/denque/-/denque-1.5.0.tgz",
      "integrity": "sha512-CYiCSgIF1p6EUByQPlGkKnP1M9g0ZV3qMIrqMqZqdwazygIA/YP2vrbcyl1h/WppKJTdl1F85cXIle+394iDAQ=="
    },
    "do-redis-request": {
      "version": "1.0.6",
      "resolved": "https://registry.npmjs.org/do-redis-request/-/do-redis-request-1.0.6.tgz",
      "integrity": "sha512-QVs2Stu0gcqOalDfmvCmJ3o20NPNO6qDs82IbSEIvOfBOest5TDowQM7zOrGqJ6m/I63nIA9RfsRg9F3GI0rjQ=="
    },
    "drq": {
      "version": "5.0.1",
      "resolved": "https://registry.npmjs.org/drq/-/drq-5.0.1.tgz",
      "integrity": "sha512-UrxUZKG6v9dh2RmaQ/ELz3jATFJ3Oc6/qThywY0F31D2pQvKxrHzzDVypD8a+4NRyP/XYHGZEfzoi0fNTmQEXg==",
      "requires": {
        "@bitcoin-api/redis-streams-utils": "^2.0.0",
        "do-redis-request": "^1.0.6",
        "get-redis-client": "^1.0.5",
        "uuid": "^8.2.0"
      }
    },
    "get-redis-client": {
      "version": "1.0.5",
      "resolved": "https://registry.npmjs.org/get-redis-client/-/get-redis-client-1.0.5.tgz",
      "integrity": "sha512-c+SXaThWX0WnDmvCeQBbgWmmm9VdN6mqJUe9HwA1uVV0OvJXQ3cYGFScUgDIV768Uc01BSheJH7KgJZ+5MyMIw==",
      "requires": {
        "redis": "^3.0.2"
      }
    },
    "redis": {
      "version": "3.1.0",
      "resolved": "https://registry.npmjs.org/redis/-/redis-3.1.0.tgz",
      "integrity": "sha512-//lAOcEtNIKk2ekZibes5oyWKYUVWMvMB71lyD/hS9KRePNkB7AU3nXGkArX6uDKEb2N23EyJBthAv6pagD0uw==",
      "requires": {
        "denque": "^1.5.0",
        "redis-commands": "^1.7.0",
        "redis-errors": "^1.2.0",
        "redis-parser": "^3.0.0"
      }
    },
    "redis-commands": {
      "version": "1.7.0",
      "resolved": "https://registry.npmjs.org/redis-commands/-/redis-commands-1.7.0.tgz",
      "integrity": "sha512-nJWqw3bTFy21hX/CPKHth6sfhZbdiHP6bTawSgQBlKOVRG7EZkfHbbHwQJnrE4vsQf0CMNE+3gJ4Fmm16vdVlQ=="
    },
    "redis-errors": {
      "version": "1.2.0",
      "resolved": "https://registry.npmjs.org/redis-errors/-/redis-errors-1.2.0.tgz",
      "integrity": "sha1-62LSrbFeTq9GEMBK/hUpOEJQq60="
    },
    "redis-parser": {
      "version": "3.0.0",
      "resolved": "https://registry.npmjs.org/redis-parser/-/redis-parser-3.0.0.tgz",
      "integrity": "sha1-tm2CjNyv5rS4pCin3vTGvKwxyLQ=",
      "requires": {
        "redis-errors": "^1.0.0"
      }
    },
    "uuid": {
      "version": "8.3.2",
      "resolved": "https://registry.npmjs.org/uuid/-/uuid-8.3.2.tgz",
      "integrity": "sha512-+NYs2QeMWy+GWFOEm9xnn6HCDp0l7QBD7ml8zLUmJ+93Q5NF0NocErnwkTkXVFNiX3/fpC6afS8Dhb/gz7R7eg=="
    }
  }
}
