{
  "name": "drq",
  "version": "5.0.1",
  "lockfileVersion": 1,
  "requires": true,
  "dependencies": {
    "@bitcoin-api/redis-streams-utils": {
      "version": "2.0.0",
      "resolved": "https://registry.npmjs.org/@bitcoin-api/redis-streams-utils/-/redis-streams-utils-2.0.0.tgz",
      "integrity": "sha512-Hu1FC9ugUUDo3kDNfuUCYCySjH1la4lZpLsjDsaRMIgWD4/PW0XuFKwd4uhORa2t+V4ozNGD5sS/ApLcih3YNw==",
      "requires": {
        "do-redis-request": "^1.0.6"
      }
    },
    "denque": {
      "version": "1.4.1",
      "resolved": "https://registry.npmjs.org/denque/-/denque-1.4.1.tgz",
      "integrity": "sha512-OfzPuSZKGcgr96rf1oODnfjqBFmr1DVoc/TrItj3Ohe0Ah1C5WX5Baquw/9U9KovnQ88EqmJbD66rKYUQYN1tQ=="
    },
    "do-redis-request": {
      "version": "1.0.6",
      "resolved": "https://registry.npmjs.org/do-redis-request/-/do-redis-request-1.0.6.tgz",
      "integrity": "sha512-QVs2Stu0gcqOalDfmvCmJ3o20NPNO6qDs82IbSEIvOfBOest5TDowQM7zOrGqJ6m/I63nIA9RfsRg9F3GI0rjQ=="
    },
    "get-redis-client": {
      "version": "1.0.5",
      "resolved": "https://registry.npmjs.org/get-redis-client/-/get-redis-client-1.0.5.tgz",
      "integrity": "sha512-c+SXaThWX0WnDmvCeQBbgWmmm9VdN6mqJUe9HwA1uVV0OvJXQ3cYGFScUgDIV768Uc01BSheJH7KgJZ+5MyMIw==",
      "requires": {
        "redis": "^3.0.2"
      }
    },
    "redis": {
      "version": "3.0.2",
      "resolved": "https://registry.npmjs.org/redis/-/redis-3.0.2.tgz",
      "integrity": "sha512-PNhLCrjU6vKVuMOyFu7oSP296mwBkcE6lrAjruBYG5LgdSqtRBoVQIylrMyVZD/lkF24RSNNatzvYag6HRBHjQ==",
      "requires": {
        "denque": "^1.4.1",
        "redis-commands": "^1.5.0",
        "redis-errors": "^1.2.0",
        "redis-parser": "^3.0.0"
      }
    },
    "redis-commands": {
      "version": "1.6.0",
      "resolved": "https://registry.npmjs.org/redis-commands/-/redis-commands-1.6.0.tgz",
      "integrity": "sha512-2jnZ0IkjZxvguITjFTrGiLyzQZcTvaw8DAaCXxZq/dsHXz7KfMQ3OUJy7Tz9vnRtZRVz6VRCPDvruvU8Ts44wQ=="
    },
    "redis-errors": {
      "version": "1.2.0",
      "resolved": "https://registry.npmjs.org/redis-errors/-/redis-errors-1.2.0.tgz",
      "integrity": "sha1-62LSrbFeTq9GEMBK/hUpOEJQq60="
    },
    "redis-parser": {
      "version": "3.0.0",
      "resolved": "https://registry.npmjs.org/redis-parser/-/redis-parser-3.0.0.tgz",
      "integrity": "sha1-tm2CjNyv5rS4pCin3vTGvKwxyLQ=",
      "requires": {
        "redis-errors": "^1.0.0"
      }
    },
    "uuid": {
      "version": "8.2.0",
      "resolved": "https://registry.npmjs.org/uuid/-/uuid-8.2.0.tgz",
      "integrity": "sha512-CYpGiFTUrmI6OBMkAdjSDM0k5h8SkkiTP4WAjQgDgNB1S3Ou9VBEvr6q0Kv2H1mMk7IWfxYGpMH5sd5AvcIV2Q=="
    }
  }
}
